
Microsoft Visual Studio Solution File, Format Version 12.00
# Visual Studio 2013
VisualStudioVersion = 12.0.21005.1
MinimumVisualStudioVersion = 10.0.40219.1
Project("{FAE04EC0-301F-11D3-BF4B-00C04F79EFBC}") = "EmployeeManagement.UI", "EmployeeManagement.UI\EmployeeManagement.UI.csproj", "{E273CD83-DB71-41CF-B703-8C8E5AB7222E}"
EndProject
Project("{FAE04EC0-301F-11D3-BF4B-00C04F79EFBC}") = "EmployeeManagement.BL", "EmployeeManagement.BL\EmployeeManagement.BL.csproj", "{24C6B556-0B44-4D2C-960B-5F55FB3EB70A}"
EndProject
Project("{FAE04EC0-301F-11D3-BF4B-00C04F79EFBC}") = "EmployeeManagement.DAL", "EmployeeManagement.DAL\EmployeeManagement.DAL.csproj", "{6CF481E4-66D6-4F5D-8E3E-143E5CF77B93}"
EndProject
Project("{FAE04EC0-301F-11D3-BF4B-00C04F79EFBC}") = "EmployeeManagement.Entities", "EmployeeManagement.Entities\EmployeeManagement.Entities.csproj", "{621D8542-90DE-408D-9624-48F92AE9B026}"
EndProject
Project("{FAE04EC0-301F-11D3-BF4B-00C04F79EFBC}") = "EmployeeManagement.Common", "EmployeeManagement.Common\EmployeeManagement.Common.csproj", "{B6ECD8F8-EA63-40A7-9316-FD194D641D40}"
EndProject
Global
	GlobalSection(SolutionConfigurationPlatforms) = preSolution
		Debug|Any CPU = Debug|Any CPU
		Release|Any CPU = Release|Any CPU
	EndGlobalSection
	GlobalSection(ProjectConfigurationPlatforms) = postSolution
		{E273CD83-DB71-41CF-B703-8C8E5AB7222E}.Debug|Any CPU.ActiveCfg = Debug|Any CPU
		{E273CD83-DB71-41CF-B703-8C8E5AB7222E}.Debug|Any CPU.Build.0 = Debug|Any CPU
		{E273CD83-DB71-41CF-B703-8C8E5AB7222E}.Release|Any CPU.ActiveCfg = Release|Any CPU
		{E273CD83-DB71-41CF-B703-8C8E5AB7222E}.Release|Any CPU.Build.0 = Release|Any CPU
		{24C6B556-0B44-4D2C-960B-5F55FB3EB70A}.Debug|Any CPU.ActiveCfg = Debug|Any CPU
		{24C6B556-0B44-4D2C-960B-5F55FB3EB70A}.Debug|Any CPU.Build.0 = Debug|Any CPU
		{24C6B556-0B44-4D2C-960B-5F55FB3EB70A}.Release|Any CPU.ActiveCfg = Release|Any CPU
		{24C6B556-0B44-4D2C-960B-5F55FB3EB70A}.Release|Any CPU.Build.0 = Release|Any CPU
		{6CF481E4-66D6-4F5D-8E3E-143E5CF77B93}.Debug|Any CPU.ActiveCfg = Debug|Any CPU
		{6CF481E4-66D6-4F5D-8E3E-143E5CF77B93}.Debug|Any CPU.Build.0 = Debug|Any CPU
		{6CF481E4-66D6-4F5D-8E3E-143E5CF77B93}.Release|Any CPU.ActiveCfg = Release|Any CPU
		{6CF481E4-66D6-4F5D-8E3E-143E5CF77B93}.Release|Any CPU.Build.0 = Release|Any CPU
		{621D8542-90DE-408D-9624-48F92AE9B026}.Debug|Any CPU.ActiveCfg = Debug|Any CPU
		{621D8542-90DE-408D-9624-48F92AE9B026}.Debug|Any CPU.Build.0 = Debug|Any CPU
		{621D8542-90DE-408D-9624-48F92AE9B026}.Release|Any CPU.ActiveCfg = Release|Any CPU
		{621D8542-90DE-408D-9624-48F92AE9B026}.Release|Any CPU.Build.0 = Release|Any CPU
		{B6ECD8F8-EA63-40A7-9316-FD194D641D40}.Debug|Any CPU.ActiveCfg = Debug|Any CPU
		{B6ECD8F8-EA63-40A7-9316-FD194D641D40}.Debug|Any CPU.Build.0 = Debug|Any CPU
		{B6ECD8F8-EA63-40A7-9316-FD194D641D40}.Release|Any CPU.ActiveCfg = Release|Any CPU
		{B6ECD8F8-EA63-40A7-9316-FD194D641D40}.Release|Any CPU.Build.0 = Release|Any CPU
	EndGlobalSection
	GlobalSection(SolutionProperties) = preSolution
		HideSolutionNode = FALSE
	EndGlobalSection
EndGlobal
